// !$*UTF8*$!
{
	archiveVersion = 1;
	classes = {
	};
	objectVersion = 56;
	objects = {

/* Begin PBXBuildFile section */
		42B9C7C62AC05ECB000473E6 /* AppDelegate.swift in Sources */ = {isa = PBXBuildFile; fileRef = 42B9C7C52AC05ECB000473E6 /* AppDelegate.swift */; };
		42B9C7C82AC05ECB000473E6 /* SceneDelegate.swift in Sources */ = {isa = PBXBuildFile; fileRef = 42B9C7C72AC05ECB000473E6 /* SceneDelegate.swift */; };
		42B9C7CA2AC05ECB000473E6 /* ViewController.swift in Sources */ = {isa = PBXBuildFile; fileRef = 42B9C7C92AC05ECB000473E6 /* ViewController.swift */; };
		42B9C7CD2AC05ECB000473E6 /* Main.storyboard in Resources */ = {isa = PBXBuildFile; fileRef = 42B9C7CB2AC05ECB000473E6 /* Main.storyboard */; };
		42B9C7CF2AC05ECC000473E6 /* Assets.xcassets in Resources */ = {isa = PBXBuildFile; fileRef = 42B9C7CE2AC05ECC000473E6 /* Assets.xcassets */; };
		42B9C7D22AC05ECC000473E6 /* LaunchScreen.storyboard in Resources */ = {isa = PBXBuildFile; fileRef = 42B9C7D02AC05ECC000473E6 /* LaunchScreen.storyboard */; };
		42B9C7DD2AC05ECC000473E6 /* SozlukUygulamasiTests.swift in Sources */ = {isa = PBXBuildFile; fileRef = 42B9C7DC2AC05ECC000473E6 /* SozlukUygulamasiTests.swift */; };
		42B9C7E72AC05ECC000473E6 /* SozlukUygulamasiUITests.swift in Sources */ = {isa = PBXBuildFile; fileRef = 42B9C7E62AC05ECC000473E6 /* SozlukUygulamasiUITests.swift */; };
		42B9C7E92AC05ECD000473E6 /* SozlukUygulamasiUITestsLaunchTests.swift in Sources */ = {isa = PBXBuildFile; fileRef = 42B9C7E82AC05ECC000473E6 /* SozlukUygulamasiUITestsLaunchTests.swift */; };
		42B9C7F82AC0607A000473E6 /* KelimelerHucreTableViewCell.swift in Sources */ = {isa = PBXBuildFile; fileRef = 42B9C7F72AC0607A000473E6 /* KelimelerHucreTableViewCell.swift */; };
		42B9C7FA2AC06257000473E6 /* KelimeDetayViewController.swift in Sources */ = {isa = PBXBuildFile; fileRef = 42B9C7F92AC06257000473E6 /* KelimeDetayViewController.swift */; };
		42B9C7FC2AC063E0000473E6 /* Kelimeler.swift in Sources */ = {isa = PBXBuildFile; fileRef = 42B9C7FB2AC063E0000473E6 /* Kelimeler.swift */; };
		42B9C7FF2AC06C00000473E6 /* libsqlite3.tbd in Frameworks */ = {isa = PBXBuildFile; fileRef = 42B9C7FE2AC06BC7000473E6 /* libsqlite3.tbd */; };
		42B9C80C2AC06C18000473E6 /* FMDatabaseQueue.m in Sources */ = {isa = PBXBuildFile; fileRef = 42B9C8012AC06C18000473E6 /* FMDatabaseQueue.m */; };
		42B9C80D2AC06C18000473E6 /* FMDatabase.m in Sources */ = {isa = PBXBuildFile; fileRef = 42B9C8042AC06C18000473E6 /* FMDatabase.m */; };
		42B9C80E2AC06C18000473E6 /* FMResultSet.m in Sources */ = {isa = PBXBuildFile; fileRef = 42B9C8052AC06C18000473E6 /* FMResultSet.m */; };
		42B9C80F2AC06C18000473E6 /* FMDatabaseAdditions.m in Sources */ = {isa = PBXBuildFile; fileRef = 42B9C8092AC06C18000473E6 /* FMDatabaseAdditions.m */; };
		42B9C8102AC06C18000473E6 /* FMDatabasePool.m in Sources */ = {isa = PBXBuildFile; fileRef = 42B9C80A2AC06C18000473E6 /* FMDatabasePool.m */; };
		42B9C8122AC06C4C000473E6 /* sozluk.sqlite in Resources */ = {isa = PBXBuildFile; fileRef = 42B9C8112AC06C4C000473E6 /* sozluk.sqlite */; };
		42B9C8142AC06E33000473E6 /* KelimelerDao.swift in Sources */ = {isa = PBXBuildFile; fileRef = 42B9C8132AC06E33000473E6 /* KelimelerDao.swift */; };
/* End PBXBuildFile section */

/* Begin PBXContainerItemProxy section */
		42B9C7D92AC05ECC000473E6 /* PBXContainerItemProxy */ = {
			isa = PBXContainerItemProxy;
			containerPortal = 42B9C7BA2AC05ECB000473E6 /* Project object */;
			proxyType = 1;
			remoteGlobalIDString = 42B9C7C12AC05ECB000473E6;
			remoteInfo = SozlukUygulamasi;
		};
		42B9C7E32AC05ECC000473E6 /* PBXContainerItemProxy */ = {
			isa = PBXContainerItemProxy;
			containerPortal = 42B9C7BA2AC05ECB000473E6 /* Project object */;
			proxyType = 1;
			remoteGlobalIDString = 42B9C7C12AC05ECB000473E6;
			remoteInfo = SozlukUygulamasi;
		};
/* End PBXContainerItemProxy section */

/* Begin PBXFileReference section */
		42B9C7C22AC05ECB000473E6 /* SozlukUygulamasi.app */ = {isa = PBXFileReference; explicitFileType = wrapper.application; includeInIndex = 0; path = SozlukUygulamasi.app; sourceTree = BUILT_PRODUCTS_DIR; };
		42B9C7C52AC05ECB000473E6 /* AppDelegate.swift */ = {isa = PBXFileReference; lastKnownFileType = sourcecode.swift; path = AppDelegate.swift; sourceTree = "<group>"; };
		42B9C7C72AC05ECB000473E6 /* SceneDelegate.swift */ = {isa = PBXFileReference; lastKnownFileType = sourcecode.swift; path = SceneDelegate.swift; sourceTree = "<group>"; };
		42B9C7C92AC05ECB000473E6 /* ViewController.swift */ = {isa = PBXFileReference; lastKnownFileType = sourcecode.swift; path = ViewController.swift; sourceTree = "<group>"; };
		42B9C7CC2AC05ECB000473E6 /* Base */ = {isa = PBXFileReference; lastKnownFileType = file.storyboard; name = Base; path = Base.lproj/Main.storyboard; sourceTree = "<group>"; };
		42B9C7CE2AC05ECC000473E6 /* Assets.xcassets */ = {isa = PBXFileReference; lastKnownFileType = folder.assetcatalog; path = Assets.xcassets; sourceTree = "<group>"; };
		42B9C7D12AC05ECC000473E6 /* Base */ = {isa = PBXFileReference; lastKnownFileType = file.storyboard; name = Base; path = Base.lproj/LaunchScreen.storyboard; sourceTree = "<group>"; };
		42B9C7D32AC05ECC000473E6 /* Info.plist */ = {isa = PBXFileReference; lastKnownFileType = text.plist.xml; path = Info.plist; sourceTree = "<group>"; };
		42B9C7D82AC05ECC000473E6 /* SozlukUygulamasiTests.xctest */ = {isa = PBXFileReference; explicitFileType = wrapper.cfbundle; includeInIndex = 0; path = SozlukUygulamasiTests.xctest; sourceTree = BUILT_PRODUCTS_DIR; };
		42B9C7DC2AC05ECC000473E6 /* SozlukUygulamasiTests.swift */ = {isa = PBXFileReference; lastKnownFileType = sourcecode.swift; path = SozlukUygulamasiTests.swift; sourceTree = "<group>"; };
		42B9C7E22AC05ECC000473E6 /* SozlukUygulamasiUITests.xctest */ = {isa = PBXFileReference; explicitFileType = wrapper.cfbundle; includeInIndex = 0; path = SozlukUygulamasiUITests.xctest; sourceTree = BUILT_PRODUCTS_DIR; };
		42B9C7E62AC05ECC000473E6 /* SozlukUygulamasiUITests.swift */ = {isa = PBXFileReference; lastKnownFileType = sourcecode.swift; path = SozlukUygulamasiUITests.swift; sourceTree = "<group>"; };
		42B9C7E82AC05ECC000473E6 /* SozlukUygulamasiUITestsLaunchTests.swift */ = {isa = PBXFileReference; lastKnownFileType = sourcecode.swift; path = SozlukUygulamasiUITestsLaunchTests.swift; sourceTree = "<group>"; };
		42B9C7F72AC0607A000473E6 /* KelimelerHucreTableViewCell.swift */ = {isa = PBXFileReference; lastKnownFileType = sourcecode.swift; path = KelimelerHucreTableViewCell.swift; sourceTree = "<group>"; };
		42B9C7F92AC06257000473E6 /* KelimeDetayViewController.swift */ = {isa = PBXFileReference; lastKnownFileType = sourcecode.swift; path = KelimeDetayViewController.swift; sourceTree = "<group>"; };
		42B9C7FB2AC063E0000473E6 /* Kelimeler.swift */ = {isa = PBXFileReference; lastKnownFileType = sourcecode.swift; path = Kelimeler.swift; sourceTree = "<group>"; };
		42B9C7FE2AC06BC7000473E6 /* libsqlite3.tbd */ = {isa = PBXFileReference; lastKnownFileType = "sourcecode.text-based-dylib-definition"; name = libsqlite3.tbd; path = usr/lib/libsqlite3.tbd; sourceTree = SDKROOT; };
		42B9C8002AC06C17000473E6 /* SozlukUygulamasi-Bridging-Header.h */ = {isa = PBXFileReference; lastKnownFileType = sourcecode.c.h; path = "SozlukUygulamasi-Bridging-Header.h"; sourceTree = "<group>"; };
		42B9C8012AC06C18000473E6 /* FMDatabaseQueue.m */ = {isa = PBXFileReference; fileEncoding = 4; lastKnownFileType = sourcecode.c.objc; path = FMDatabaseQueue.m; sourceTree = "<group>"; };
		42B9C8022AC06C18000473E6 /* FMResultSet.h */ = {isa = PBXFileReference; fileEncoding = 4; lastKnownFileType = sourcecode.c.h; path = FMResultSet.h; sourceTree = "<group>"; };
		42B9C8032AC06C18000473E6 /* FMDatabasePool.h */ = {isa = PBXFileReference; fileEncoding = 4; lastKnownFileType = sourcecode.c.h; path = FMDatabasePool.h; sourceTree = "<group>"; };
		42B9C8042AC06C18000473E6 /* FMDatabase.m */ = {isa = PBXFileReference; fileEncoding = 4; lastKnownFileType = sourcecode.c.objc; path = FMDatabase.m; sourceTree = "<group>"; };
		42B9C8052AC06C18000473E6 /* FMResultSet.m */ = {isa = PBXFileReference; fileEncoding = 4; lastKnownFileType = sourcecode.c.objc; path = FMResultSet.m; sourceTree = "<group>"; };
		42B9C8062AC06C18000473E6 /* FMDatabaseQueue.h */ = {isa = PBXFileReference; fileEncoding = 4; lastKnownFileType = sourcecode.c.h; path = FMDatabaseQueue.h; sourceTree = "<group>"; };
		42B9C8072AC06C18000473E6 /* FMDB.h */ = {isa = PBXFileReference; fileEncoding = 4; lastKnownFileType = sourcecode.c.h; path = FMDB.h; sourceTree = "<group>"; };
		42B9C8082AC06C18000473E6 /* FMDatabaseAdditions.h */ = {isa = PBXFileReference; fileEncoding = 4; lastKnownFileType = sourcecode.c.h; path = FMDatabaseAdditions.h; sourceTree = "<group>"; };
		42B9C8092AC06C18000473E6 /* FMDatabaseAdditions.m */ = {isa = PBXFileReference; fileEncoding = 4; lastKnownFileType = sourcecode.c.objc; path = FMDatabaseAdditions.m; sourceTree = "<group>"; };
		42B9C80A2AC06C18000473E6 /* FMDatabasePool.m */ = {isa = PBXFileReference; fileEncoding = 4; lastKnownFileType = sourcecode.c.objc; path = FMDatabasePool.m; sourceTree = "<group>"; };
		42B9C80B2AC06C18000473E6 /* FMDatabase.h */ = {isa = PBXFileReference; fileEncoding = 4; lastKnownFileType = sourcecode.c.h; path = FMDatabase.h; sourceTree = "<group>"; };
		42B9C8112AC06C4C000473E6 /* sozluk.sqlite */ = {isa = PBXFileReference; lastKnownFileType = file; name = sozluk.sqlite; path = "Sözlük Uygulaması - Sqlite Veritabanı/sozluk.sqlite"; sourceTree = SOURCE_ROOT; };
		42B9C8132AC06E33000473E6 /* KelimelerDao.swift */ = {isa = PBXFileReference; lastKnownFileType = sourcecode.swift; path = KelimelerDao.swift; sourceTree = "<group>"; };
/* End PBXFileReference section */

/* Begin PBXFrameworksBuildPhase section */
		42B9C7BF2AC05ECB000473E6 /* Frameworks */ = {
			isa = PBXFrameworksBuildPhase;
			buildActionMask = 2147483647;
			files = (
				42B9C7FF2AC06C00000473E6 /* libsqlite3.tbd in Frameworks */,
			);
			runOnlyForDeploymentPostprocessing = 0;
		};
		42B9C7D52AC05ECC000473E6 /* Frameworks */ = {
			isa = PBXFrameworksBuildPhase;
			buildActionMask = 2147483647;
			files = (
			);
			runOnlyForDeploymentPostprocessing = 0;
		};
		42B9C7DF2AC05ECC000473E6 /* Frameworks */ = {
			isa = PBXFrameworksBuildPhase;
			buildActionMask = 2147483647;
			files = (
			);
			runOnlyForDeploymentPostprocessing = 0;
		};
/* End PBXFrameworksBuildPhase section */

/* Begin PBXGroup section */
		42B9C7B92AC05ECB000473E6 = {
			isa = PBXGroup;
			children = (
				42B9C7C42AC05ECB000473E6 /* SozlukUygulamasi */,
				42B9C7DB2AC05ECC000473E6 /* SozlukUygulamasiTests */,
				42B9C7E52AC05ECC000473E6 /* SozlukUygulamasiUITests */,
				42B9C7C32AC05ECB000473E6 /* Products */,
				42B9C7FD2AC06BC7000473E6 /* Frameworks */,
			);
			sourceTree = "<group>";
		};
		42B9C7C32AC05ECB000473E6 /* Products */ = {
			isa = PBXGroup;
			children = (
				42B9C7C22AC05ECB000473E6 /* SozlukUygulamasi.app */,
				42B9C7D82AC05ECC000473E6 /* SozlukUygulamasiTests.xctest */,
				42B9C7E22AC05ECC000473E6 /* SozlukUygulamasiUITests.xctest */,
			);
			name = Products;
			sourceTree = "<group>";
		};
		42B9C7C42AC05ECB000473E6 /* SozlukUygulamasi */ = {
			isa = PBXGroup;
			children = (
				42B9C8112AC06C4C000473E6 /* sozluk.sqlite */,
				42B9C7C52AC05ECB000473E6 /* AppDelegate.swift */,
				42B9C7C72AC05ECB000473E6 /* SceneDelegate.swift */,
				42B9C7C92AC05ECB000473E6 /* ViewController.swift */,
				42B9C7CB2AC05ECB000473E6 /* Main.storyboard */,
				42B9C7CE2AC05ECC000473E6 /* Assets.xcassets */,
				42B9C7D02AC05ECC000473E6 /* LaunchScreen.storyboard */,
				42B9C7D32AC05ECC000473E6 /* Info.plist */,
				42B9C7F72AC0607A000473E6 /* KelimelerHucreTableViewCell.swift */,
				42B9C7F92AC06257000473E6 /* KelimeDetayViewController.swift */,
				42B9C7FB2AC063E0000473E6 /* Kelimeler.swift */,
				42B9C80B2AC06C18000473E6 /* FMDatabase.h */,
				42B9C8042AC06C18000473E6 /* FMDatabase.m */,
				42B9C8082AC06C18000473E6 /* FMDatabaseAdditions.h */,
				42B9C8092AC06C18000473E6 /* FMDatabaseAdditions.m */,
				42B9C8032AC06C18000473E6 /* FMDatabasePool.h */,
				42B9C80A2AC06C18000473E6 /* FMDatabasePool.m */,
				42B9C8062AC06C18000473E6 /* FMDatabaseQueue.h */,
				42B9C8012AC06C18000473E6 /* FMDatabaseQueue.m */,
				42B9C8072AC06C18000473E6 /* FMDB.h */,
				42B9C8022AC06C18000473E6 /* FMResultSet.h */,
				42B9C8052AC06C18000473E6 /* FMResultSet.m */,
				42B9C8002AC06C17000473E6 /* SozlukUygulamasi-Bridging-Header.h */,
				42B9C8132AC06E33000473E6 /* KelimelerDao.swift */,
			);
			path = SozlukUygulamasi;
			sourceTree = "<group>";
		};
		42B9C7DB2AC05ECC000473E6 /* SozlukUygulamasiTests */ = {
			isa = PBXGroup;
			children = (
				42B9C7DC2AC05ECC000473E6 /* SozlukUygulamasiTests.swift */,
			);
			path = SozlukUygulamasiTests;
			sourceTree = "<group>";
		};
		42B9C7E52AC05ECC000473E6 /* SozlukUygulamasiUITests */ = {
			isa = PBXGroup;
			children = (
				42B9C7E62AC05ECC000473E6 /* SozlukUygulamasiUITests.swift */,
				42B9C7E82AC05ECC000473E6 /* SozlukUygulamasiUITestsLaunchTests.swift */,
			);
			path = SozlukUygulamasiUITests;
			sourceTree = "<group>";
		};
		42B9C7FD2AC06BC7000473E6 /* Frameworks */ = {
			isa = PBXGroup;
			children = (
				42B9C7FE2AC06BC7000473E6 /* libsqlite3.tbd */,
			);
			name = Frameworks;
			sourceTree = "<group>";
		};
/* End PBXGroup section */

/* Begin PBXNativeTarget section */
		42B9C7C12AC05ECB000473E6 /* SozlukUygulamasi */ = {
			isa = PBXNativeTarget;
			buildConfigurationList = 42B9C7EC2AC05ECD000473E6 /* Build configuration list for PBXNativeTarget "SozlukUygulamasi" */;
			buildPhases = (
				42B9C7BE2AC05ECB000473E6 /* Sources */,
				42B9C7BF2AC05ECB000473E6 /* Frameworks */,
				42B9C7C02AC05ECB000473E6 /* Resources */,
			);
			buildRules = (
			);
			dependencies = (
			);
			name = SozlukUygulamasi;
			productName = SozlukUygulamasi;
			productReference = 42B9C7C22AC05ECB000473E6 /* SozlukUygulamasi.app */;
			productType = "com.apple.product-type.application";
		};
		42B9C7D72AC05ECC000473E6 /* SozlukUygulamasiTests */ = {
			isa = PBXNativeTarget;
			buildConfigurationList = 42B9C7EF2AC05ECD000473E6 /* Build configuration list for PBXNativeTarget "SozlukUygulamasiTests" */;
			buildPhases = (
				42B9C7D42AC05ECC000473E6 /* Sources */,
				42B9C7D52AC05ECC000473E6 /* Frameworks */,
				42B9C7D62AC05ECC000473E6 /* Resources */,
			);
			buildRules = (
			);
			dependencies = (
				42B9C7DA2AC05ECC000473E6 /* PBXTargetDependency */,
			);
			name = SozlukUygulamasiTests;
			productName = SozlukUygulamasiTests;
			productReference = 42B9C7D82AC05ECC000473E6 /* SozlukUygulamasiTests.xctest */;
			productType = "com.apple.product-type.bundle.unit-test";
		};
		42B9C7E12AC05ECC000473E6 /* SozlukUygulamasiUITests */ = {
			isa = PBXNativeTarget;
			buildConfigurationList = 42B9C7F22AC05ECD000473E6 /* Build configuration list for PBXNativeTarget "SozlukUygulamasiUITests" */;
			buildPhases = (
				42B9C7DE2AC05ECC000473E6 /* Sources */,
				42B9C7DF2AC05ECC000473E6 /* Frameworks */,
				42B9C7E02AC05ECC000473E6 /* Resources */,
			);
			buildRules = (
			);
			dependencies = (
				42B9C7E42AC05ECC000473E6 /* PBXTargetDependency */,
			);
			name = SozlukUygulamasiUITests;
			productName = SozlukUygulamasiUITests;
			productReference = 42B9C7E22AC05ECC000473E6 /* SozlukUygulamasiUITests.xctest */;
			productType = "com.apple.product-type.bundle.ui-testing";
		};
/* End PBXNativeTarget section */

/* Begin PBXProject section */
		42B9C7BA2AC05ECB000473E6 /* Project object */ = {
			isa = PBXProject;
			attributes = {
				BuildIndependentTargetsInParallel = 1;
				LastSwiftUpdateCheck = 1500;
				LastUpgradeCheck = 1500;
				TargetAttributes = {
					42B9C7C12AC05ECB000473E6 = {
						CreatedOnToolsVersion = 15.0;
						LastSwiftMigration = 1500;
					};
					42B9C7D72AC05ECC000473E6 = {
						CreatedOnToolsVersion = 15.0;
						TestTargetID = 42B9C7C12AC05ECB000473E6;
					};
					42B9C7E12AC05ECC000473E6 = {
						CreatedOnToolsVersion = 15.0;
						TestTargetID = 42B9C7C12AC05ECB000473E6;
					};
				};
			};
			buildConfigurationList = 42B9C7BD2AC05ECB000473E6 /* Build configuration list for PBXProject "SozlukUygulamasi" */;
			compatibilityVersion = "Xcode 14.0";
			developmentRegion = en;
			hasScannedForEncodings = 0;
			knownRegions = (
				en,
				Base,
			);
			mainGroup = 42B9C7B92AC05ECB000473E6;
			productRefGroup = 42B9C7C32AC05ECB000473E6 /* Products */;
			projectDirPath = "";
			projectRoot = "";
			targets = (
				42B9C7C12AC05ECB000473E6 /* SozlukUygulamasi */,
				42B9C7D72AC05ECC000473E6 /* SozlukUygulamasiTests */,
				42B9C7E12AC05ECC000473E6 /* SozlukUygulamasiUITests */,
			);
		};
/* End PBXProject section */

/* Begin PBXResourcesBuildPhase section */
		42B9C7C02AC05ECB000473E6 /* Resources */ = {
			isa = PBXResourcesBuildPhase;
			buildActionMask = 2147483647;
			files = (
				42B9C7D22AC05ECC000473E6 /* LaunchScreen.storyboard in Resources */,
				42B9C8122AC06C4C000473E6 /* sozluk.sqlite in Resources */,
				42B9C7CF2AC05ECC000473E6 /* Assets.xcassets in Resources */,
				42B9C7CD2AC05ECB000473E6 /* Main.storyboard in Resources */,
			);
			runOnlyForDeploymentPostprocessing = 0;
		};
		42B9C7D62AC05ECC000473E6 /* Resources */ = {
			isa = PBXResourcesBuildPhase;
			buildActionMask = 2147483647;
			files = (
			);
			runOnlyForDeploymentPostprocessing = 0;
		};
		42B9C7E02AC05ECC000473E6 /* Resources */ = {
			isa = PBXResourcesBuildPhase;
			buildActionMask = 2147483647;
			files = (
			);
			runOnlyForDeploymentPostprocessing = 0;
		};
/* End PBXResourcesBuildPhase section */

/* Begin PBXSourcesBuildPhase section */
		42B9C7BE2AC05ECB000473E6 /* Sources */ = {
			isa = PBXSourcesBuildPhase;
			buildActionMask = 2147483647;
			files = (
				42B9C7FC2AC063E0000473E6 /* Kelimeler.swift in Sources */,
				42B9C7F82AC0607A000473E6 /* KelimelerHucreTableViewCell.swift in Sources */,
				42B9C7FA2AC06257000473E6 /* KelimeDetayViewController.swift in Sources */,
				42B9C80C2AC06C18000473E6 /* FMDatabaseQueue.m in Sources */,
				42B9C7CA2AC05ECB000473E6 /* ViewController.swift in Sources */,
				42B9C8102AC06C18000473E6 /* FMDatabasePool.m in Sources */,
				42B9C7C62AC05ECB000473E6 /* AppDelegate.swift in Sources */,
				42B9C80E2AC06C18000473E6 /* FMResultSet.m in Sources */,
				42B9C7C82AC05ECB000473E6 /* SceneDelegate.swift in Sources */,
				42B9C80D2AC06C18000473E6 /* FMDatabase.m in Sources */,
				42B9C80F2AC06C18000473E6 /* FMDatabaseAdditions.m in Sources */,
				42B9C8142AC06E33000473E6 /* KelimelerDao.swift in Sources */,
			);
			runOnlyForDeploymentPostprocessing = 0;
		};
		42B9C7D42AC05ECC000473E6 /* Sources */ = {
			isa = PBXSourcesBuildPhase;
			buildActionMask = 2147483647;
			files = (
				42B9C7DD2AC05ECC000473E6 /* SozlukUygulamasiTests.swift in Sources */,
			);
			runOnlyForDeploymentPostprocessing = 0;
		};
		42B9C7DE2AC05ECC000473E6 /* Sources */ = {
			isa = PBXSourcesBuildPhase;
			buildActionMask = 2147483647;
			files = (
				42B9C7E72AC05ECC000473E6 /* SozlukUygulamasiUITests.swift in Sources */,
				42B9C7E92AC05ECD000473E6 /* SozlukUygulamasiUITestsLaunchTests.swift in Sources */,
			);
			runOnlyForDeploymentPostprocessing = 0;
		};
/* End PBXSourcesBuildPhase section */

/* Begin PBXTargetDependency section */
		42B9C7DA2AC05ECC000473E6 /* PBXTargetDependency */ = {
			isa = PBXTargetDependency;
			target = 42B9C7C12AC05ECB000473E6 /* SozlukUygulamasi */;
			targetProxy = 42B9C7D92AC05ECC000473E6 /* PBXContainerItemProxy */;
		};
		42B9C7E42AC05ECC000473E6 /* PBXTargetDependency */ = {
			isa = PBXTargetDependency;
			target = 42B9C7C12AC05ECB000473E6 /* SozlukUygulamasi */;
			targetProxy = 42B9C7E32AC05ECC000473E6 /* PBXContainerItemProxy */;
		};
/* End PBXTargetDependency section */

/* Begin PBXVariantGroup section */
		42B9C7CB2AC05ECB000473E6 /* Main.storyboard */ = {
			isa = PBXVariantGroup;
			children = (
				42B9C7CC2AC05ECB000473E6 /* Base */,
			);
			name = Main.storyboard;
			sourceTree = "<group>";
		};
		42B9C7D02AC05ECC000473E6 /* LaunchScreen.storyboard */ = {
			isa = PBXVariantGroup;
			children = (
				42B9C7D12AC05ECC000473E6 /* Base */,
			);
			name = LaunchScreen.storyboard;
			sourceTree = "<group>";
		};
/* End PBXVariantGroup section */

/* Begin XCBuildConfiguration section */
		42B9C7EA2AC05ECD000473E6 /* Debug */ = {
			isa = XCBuildConfiguration;
			buildSettings = {
				ALWAYS_SEARCH_USER_PATHS = NO;
				ASSETCATALOG_COMPILER_GENERATE_SWIFT_ASSET_SYMBOL_EXTENSIONS = YES;
				CLANG_ANALYZER_NONNULL = YES;
				CLANG_ANALYZER_NUMBER_OBJECT_CONVERSION = YES_AGGRESSIVE;
				CLANG_CXX_LANGUAGE_STANDARD = "gnu++20";
				CLANG_ENABLE_MODULES = YES;
				CLANG_ENABLE_OBJC_ARC = YES;
				CLANG_ENABLE_OBJC_WEAK = YES;
				CLANG_WARN_BLOCK_CAPTURE_AUTORELEASING = YES;
				CLANG_WARN_BOOL_CONVERSION = YES;
				CLANG_WARN_COMMA = YES;
				CLANG_WARN_CONSTANT_CONVERSION = YES;
				CLANG_WARN_DEPRECATED_OBJC_IMPLEMENTATIONS = YES;
				CLANG_WARN_DIRECT_OBJC_ISA_USAGE = YES_ERROR;
				CLANG_WARN_DOCUMENTATION_COMMENTS = YES;
				CLANG_WARN_EMPTY_BODY = YES;
				CLANG_WARN_ENUM_CONVERSION = YES;
				CLANG_WARN_INFINITE_RECURSION = YES;
				CLANG_WARN_INT_CONVERSION = YES;
				CLANG_WARN_NON_LITERAL_NULL_CONVERSION = YES;
				CLANG_WARN_OBJC_IMPLICIT_RETAIN_SELF = YES;
				CLANG_WARN_OBJC_LITERAL_CONVERSION = YES;
				CLANG_WARN_OBJC_ROOT_CLASS = YES_ERROR;
				CLANG_WARN_QUOTED_INCLUDE_IN_FRAMEWORK_HEADER = YES;
				CLANG_WARN_RANGE_LOOP_ANALYSIS = YES;
				CLANG_WARN_STRICT_PROTOTYPES = YES;
				CLANG_WARN_SUSPICIOUS_MOVE = YES;
				CLANG_WARN_UNGUARDED_AVAILABILITY = YES_AGGRESSIVE;
				CLANG_WARN_UNREACHABLE_CODE = YES;
				CLANG_WARN__DUPLICATE_METHOD_MATCH = YES;
				COPY_PHASE_STRIP = NO;
				DEBUG_INFORMATION_FORMAT = dwarf;
				ENABLE_STRICT_OBJC_MSGSEND = YES;
				ENABLE_TESTABILITY = YES;
				ENABLE_USER_SCRIPT_SANDBOXING = YES;
				GCC_C_LANGUAGE_STANDARD = gnu17;
				GCC_DYNAMIC_NO_PIC = NO;
				GCC_NO_COMMON_BLOCKS = YES;
				GCC_OPTIMIZATION_LEVEL = 0;
				GCC_PREPROCESSOR_DEFINITIONS = (
					"DEBUG=1",
					"$(inherited)",
				);
				GCC_WARN_64_TO_32_BIT_CONVERSION = YES;
				GCC_WARN_ABOUT_RETURN_TYPE = YES_ERROR;
				GCC_WARN_UNDECLARED_SELECTOR = YES;
				GCC_WARN_UNINITIALIZED_AUTOS = YES_AGGRESSIVE;
				GCC_WARN_UNUSED_FUNCTION = YES;
				GCC_WARN_UNUSED_VARIABLE = YES;
				IPHONEOS_DEPLOYMENT_TARGET = 17.0;
				LOCALIZATION_PREFERS_STRING_CATALOGS = YES;
				MTL_ENABLE_DEBUG_INFO = INCLUDE_SOURCE;
				MTL_FAST_MATH = YES;
				ONLY_ACTIVE_ARCH = YES;
				SDKROOT = iphoneos;
				SWIFT_ACTIVE_COMPILATION_CONDITIONS = "DEBUG $(inherited)";
				SWIFT_OPTIMIZATION_LEVEL = "-Onone";
			};
			name = Debug;
		};
		42B9C7EB2AC05ECD000473E6 /* Release */ = {
			isa = XCBuildConfiguration;
			buildSettings = {
				ALWAYS_SEARCH_USER_PATHS = NO;
				ASSETCATALOG_COMPILER_GENERATE_SWIFT_ASSET_SYMBOL_EXTENSIONS = YES;
				CLANG_ANALYZER_NONNULL = YES;
				CLANG_ANALYZER_NUMBER_OBJECT_CONVERSION = YES_AGGRESSIVE;
				CLANG_CXX_LANGUAGE_STANDARD = "gnu++20";
				CLANG_ENABLE_MODULES = YES;
				CLANG_ENABLE_OBJC_ARC = YES;
				CLANG_ENABLE_OBJC_WEAK = YES;
				CLANG_WARN_BLOCK_CAPTURE_AUTORELEASING = YES;
				CLANG_WARN_BOOL_CONVERSION = YES;
				CLANG_WARN_COMMA = YES;
				CLANG_WARN_CONSTANT_CONVERSION = YES;
				CLANG_WARN_DEPRECATED_OBJC_IMPLEMENTATIONS = YES;
				CLANG_WARN_DIRECT_OBJC_ISA_USAGE = YES_ERROR;
				CLANG_WARN_DOCUMENTATION_COMMENTS = YES;
				CLANG_WARN_EMPTY_BODY = YES;
				CLANG_WARN_ENUM_CONVERSION = YES;
				CLANG_WARN_INFINITE_RECURSION = YES;
				CLANG_WARN_INT_CONVERSION = YES;
				CLANG_WARN_NON_LITERAL_NULL_CONVERSION = YES;
				CLANG_WARN_OBJC_IMPLICIT_RETAIN_SELF = YES;
				CLANG_WARN_OBJC_LITERAL_CONVERSION = YES;
				CLANG_WARN_OBJC_ROOT_CLASS = YES_ERROR;
				CLANG_WARN_QUOTED_INCLUDE_IN_FRAMEWORK_HEADER = YES;
				CLANG_WARN_RANGE_LOOP_ANALYSIS = YES;
				CLANG_WARN_STRICT_PROTOTYPES = YES;
				CLANG_WARN_SUSPICIOUS_MOVE = YES;
				CLANG_WARN_UNGUARDED_AVAILABILITY = YES_AGGRESSIVE;
				CLANG_WARN_UNREACHABLE_CODE = YES;
				CLANG_WARN__DUPLICATE_METHOD_MATCH = YES;
				COPY_PHASE_STRIP = NO;
				DEBUG_INFORMATION_FORMAT = "dwarf-with-dsym";
				ENABLE_NS_ASSERTIONS = NO;
				ENABLE_STRICT_OBJC_MSGSEND = YES;
				ENABLE_USER_SCRIPT_SANDBOXING = YES;
				GCC_C_LANGUAGE_STANDARD = gnu17;
				GCC_NO_COMMON_BLOCKS = YES;
				GCC_WARN_64_TO_32_BIT_CONVERSION = YES;
				GCC_WARN_ABOUT_RETURN_TYPE = YES_ERROR;
				GCC_WARN_UNDECLARED_SELECTOR = YES;
				GCC_WARN_UNINITIALIZED_AUTOS = YES_AGGRESSIVE;
				GCC_WARN_UNUSED_FUNCTION = YES;
				GCC_WARN_UNUSED_VARIABLE = YES;
				IPHONEOS_DEPLOYMENT_TARGET = 17.0;
				LOCALIZATION_PREFERS_STRING_CATALOGS = YES;
				MTL_ENABLE_DEBUG_INFO = NO;
				MTL_FAST_MATH = YES;
				SDKROOT = iphoneos;
				SWIFT_COMPILATION_MODE = wholemodule;
				VALIDATE_PRODUCT = YES;
			};
			name = Release;
		};
		42B9C7ED2AC05ECD000473E6 /* Debug */ = {
			isa = XCBuildConfiguration;
			buildSettings = {
				ASSETCATALOG_COMPILER_APPICON_NAME = AppIcon;
				ASSETCATALOG_COMPILER_GLOBAL_ACCENT_COLOR_NAME = AccentColor;
				CLANG_ENABLE_MODULES = YES;
				CODE_SIGN_STYLE = Automatic;
				CURRENT_PROJECT_VERSION = 1;
				GENERATE_INFOPLIST_FILE = YES;
				INFOPLIST_FILE = SozlukUygulamasi/Info.plist;
				INFOPLIST_KEY_UIApplicationSupportsIndirectInputEvents = YES;
				INFOPLIST_KEY_UILaunchStoryboardName = LaunchScreen;
				INFOPLIST_KEY_UIMainStoryboardFile = Main;
				INFOPLIST_KEY_UISupportedInterfaceOrientations_iPad = "UIInterfaceOrientationPortrait UIInterfaceOrientationPortraitUpsideDown UIInterfaceOrientationLandscapeLeft UIInterfaceOrientationLandscapeRight";
				INFOPLIST_KEY_UISupportedInterfaceOrientations_iPhone = "UIInterfaceOrientationPortrait UIInterfaceOrientationLandscapeLeft UIInterfaceOrientationLandscapeRight";
				LD_RUNPATH_SEARCH_PATHS = (
					"$(inherited)",
					"@executable_path/Frameworks",
				);
				MARKETING_VERSION = 1.0;
				PRODUCT_BUNDLE_IDENTIFIER = tulaymayuncur.SozlukUygulamasi;
				PRODUCT_NAME = "$(TARGET_NAME)";
				SWIFT_EMIT_LOC_STRINGS = YES;
				SWIFT_OBJC_BRIDGING_HEADER = "SozlukUygulamasi/SozlukUygulamasi-Bridging-Header.h";
				SWIFT_OPTIMIZATION_LEVEL = "-Onone";
				SWIFT_VERSION = 5.0;
				TARGETED_DEVICE_FAMILY = "1,2";
			};
			name = Debug;
		};
		42B9C7EE2AC05ECD000473E6 /* Release */ = {
			isa = XCBuildConfiguration;
			buildSettings = {
				ASSETCATALOG_COMPILER_APPICON_NAME = AppIcon;
				ASSETCATALOG_COMPILER_GLOBAL_ACCENT_COLOR_NAME = AccentColor;
				CLANG_ENABLE_MODULES = YES;
				CODE_SIGN_STYLE = Automatic;
				CURRENT_PROJECT_VERSION = 1;
				GENERATE_INFOPLIST_FILE = YES;
				INFOPLIST_FILE = SozlukUygulamasi/Info.plist;
				INFOPLIST_KEY_UIApplicationSupportsIndirectInputEvents = YES;
				INFOPLIST_KEY_UILaunchStoryboardName = LaunchScreen;
				INFOPLIST_KEY_UIMainStoryboardFile = Main;
				INFOPLIST_KEY_UISupportedInterfaceOrientations_iPad = "UIInterfaceOrientationPortrait UIInterfaceOrientationPortraitUpsideDown UIInterfaceOrientationLandscapeLeft UIInterfaceOrientationLandscapeRight";
				INFOPLIST_KEY_UISupportedInterfaceOrientations_iPhone = "UIInterfaceOrientationPortrait UIInterfaceOrientationLandscapeLeft UIInterfaceOrientationLandscapeRight";
				LD_RUNPATH_SEARCH_PATHS = (
					"$(inherited)",
					"@executable_path/Frameworks",
				);
				MARKETING_VERSION = 1.0;
				PRODUCT_BUNDLE_IDENTIFIER = tulaymayuncur.SozlukUygulamasi;
				PRODUCT_NAME = "$(TARGET_NAME)";
				SWIFT_EMIT_LOC_STRINGS = YES;
				SWIFT_OBJC_BRIDGING_HEADER = "SozlukUygulamasi/SozlukUygulamasi-Bridging-Header.h";
				SWIFT_VERSION = 5.0;
				TARGETED_DEVICE_FAMILY = "1,2";
			};
			name = Release;
		};
		42B9C7F02AC05ECD000473E6 /* Debug */ = {
			isa = XCBuildConfiguration;
			buildSettings = {
				ALWAYS_EMBED_SWIFT_STANDARD_LIBRARIES = YES;
				BUNDLE_LOADER = "$(TEST_HOST)";
				CODE_SIGN_STYLE = Automatic;
				CURRENT_PROJECT_VERSION = 1;
				GENERATE_INFOPLIST_FILE = YES;
				IPHONEOS_DEPLOYMENT_TARGET = 17.0;
				MARKETING_VERSION = 1.0;
				PRODUCT_BUNDLE_IDENTIFIER = tulaymayuncur.SozlukUygulamasiTests;
				PRODUCT_NAME = "$(TARGET_NAME)";
				SWIFT_EMIT_LOC_STRINGS = NO;
				SWIFT_VERSION = 5.0;
				TARGETED_DEVICE_FAMILY = "1,2";
				TEST_HOST = "$(BUILT_PRODUCTS_DIR)/SozlukUygulamasi.app/$(BUNDLE_EXECUTABLE_FOLDER_PATH)/SozlukUygulamasi";
			};
			name = Debug;
		};
		42B9C7F12AC05ECD000473E6 /* Release */ = {
			isa = XCBuildConfiguration;
			buildSettings = {
				ALWAYS_EMBED_SWIFT_STANDARD_LIBRARIES = YES;
				BUNDLE_LOADER = "$(TEST_HOST)";
				CODE_SIGN_STYLE = Automatic;
				CURRENT_PROJECT_VERSION = 1;
				GENERATE_INFOPLIST_FILE = YES;
				IPHONEOS_DEPLOYMENT_TARGET = 17.0;
				MARKETING_VERSION = 1.0;
				PRODUCT_BUNDLE_IDENTIFIER = tulaymayuncur.SozlukUygulamasiTests;
				PRODUCT_NAME = "$(TARGET_NAME)";
				SWIFT_EMIT_LOC_STRINGS = NO;
				SWIFT_VERSION = 5.0;
				TARGETED_DEVICE_FAMILY = "1,2";
				TEST_HOST = "$(BUILT_PRODUCTS_DIR)/SozlukUygulamasi.app/$(BUNDLE_EXECUTABLE_FOLDER_PATH)/SozlukUygulamasi";
			};
			name = Release;
		};
		42B9C7F32AC05ECD000473E6 /* Debug */ = {
			isa = XCBuildConfiguration;
			buildSettings = {
				ALWAYS_EMBED_SWIFT_STANDARD_LIBRARIES = YES;
				CODE_SIGN_STYLE = Automatic;
				CURRENT_PROJECT_VERSION = 1;
				GENERATE_INFOPLIST_FILE = YES;
				MARKETING_VERSION = 1.0;
				PRODUCT_BUNDLE_IDENTIFIER = tulaymayuncur.SozlukUygulamasiUITests;
				PRODUCT_NAME = "$(TARGET_NAME)";
				SWIFT_EMIT_LOC_STRINGS = NO;
				SWIFT_VERSION = 5.0;
				TARGETED_DEVICE_FAMILY = "1,2";
				TEST_TARGET_NAME = SozlukUygulamasi;
			};
			name = Debug;
		};
		42B9C7F42AC05ECD000473E6 /* Release */ = {
			isa = XCBuildConfiguration;
			buildSettings = {
				ALWAYS_EMBED_SWIFT_STANDARD_LIBRARIES = YES;
				CODE_SIGN_STYLE = Automatic;
				CURRENT_PROJECT_VERSION = 1;
				GENERATE_INFOPLIST_FILE = YES;
				MARKETING_VERSION = 1.0;
				PRODUCT_BUNDLE_IDENTIFIER = tulaymayuncur.SozlukUygulamasiUITests;
				PRODUCT_NAME = "$(TARGET_NAME)";
				SWIFT_EMIT_LOC_STRINGS = NO;
				SWIFT_VERSION = 5.0;
				TARGETED_DEVICE_FAMILY = "1,2";
				TEST_TARGET_NAME = SozlukUygulamasi;
			};
			name = Release;
		};
/* End XCBuildConfiguration section */

/* Begin XCConfigurationList section */
		42B9C7BD2AC05ECB000473E6 /* Build configuration list for PBXProject "SozlukUygulamasi" */ = {
			isa = XCConfigurationList;
			buildConfigurations = (
				42B9C7EA2AC05ECD000473E6 /* Debug */,
				42B9C7EB2AC05ECD000473E6 /* Release */,
			);
			defaultConfigurationIsVisible = 0;
			defaultConfigurationName = Release;
		};
		42B9C7EC2AC05ECD000473E6 /* Build configuration list for PBXNativeTarget "SozlukUygulamasi" */ = {
			isa = XCConfigurationList;
			buildConfigurations = (
				42B9C7ED2AC05ECD000473E6 /* Debug */,
				42B9C7EE2AC05ECD000473E6 /* Release */,
			);
			defaultConfigurationIsVisible = 0;
			defaultConfigurationName = Release;
		};
		42B9C7EF2AC05ECD000473E6 /* Build configuration list for PBXNativeTarget "SozlukUygulamasiTests" */ = {
			isa = XCConfigurationList;
			buildConfigurations = (
				42B9C7F02AC05ECD000473E6 /* Debug */,
				42B9C7F12AC05ECD000473E6 /* Release */,
			);
			defaultConfigurationIsVisible = 0;
			defaultConfigurationName = Release;
		};
		42B9C7F22AC05ECD000473E6 /* Build configuration list for PBXNativeTarget "SozlukUygulamasiUITests" */ = {
			isa = XCConfigurationList;
			buildConfigurations = (
				42B9C7F32AC05ECD000473E6 /* Debug */,
				42B9C7F42AC05ECD000473E6 /* Release */,
			);
			defaultConfigurationIsVisible = 0;
			defaultConfigurationName = Release;
		};
/* End XCConfigurationList section */
	};
	rootObject = 42B9C7BA2AC05ECB000473E6 /* Project object */;
}
